{
  "object": {
    "pins": [
      {
        "package": "LinkedList",
        "repositoryURL": "https://github.com/jiggykitty/LinkedList.git",
        "state": {
          "branch": null,
          "revision": "b4297058582986e7a91fcbe2e23640d3534d96a7",
          "version": "1.0.0"
        }
      }
    ]
  },
  "version": 1
}
