{
  "object": {
    "pins": [
      {
        "package": "LinkedList",
        "repositoryURL": "https://github.com/jiggykitty/LinkedList.git",
        "state": {
          "branch": null,
          "revision": "b00c9350c7aba7427725ff7603fc85b5975430e4",
          "version": "1.0.2"
        }
      }
    ]
  },
  "version": 1
}
